// !$*UTF8*$!
{
	archiveVersion = 1;
	classes = {
	};
	objectVersion = 46;
	objects = {

/* Begin PBXBuildFile section */
		8E672ADF1BD644AA00B8D12F /* resultadoimc.jpg in Resources */ = {isa = PBXBuildFile; fileRef = 8E672ADE1BD644AA00B8D12F /* resultadoimc.jpg */; settings = {ASSET_TAGS = (); }; };
		8E672AE11BD64A5900B8D12F /* flecha.jpg in Resources */ = {isa = PBXBuildFile; fileRef = 8E672AE01BD64A5900B8D12F /* flecha.jpg */; settings = {ASSET_TAGS = (); }; };
		8E672AE31BD64B8E00B8D12F /* flecha.png in Resources */ = {isa = PBXBuildFile; fileRef = 8E672AE21BD64B8E00B8D12F /* flecha.png */; settings = {ASSET_TAGS = (); }; };
		8E672AE61BD68ADE00B8D12F /* Coaching1ViewController.m in Sources */ = {isa = PBXBuildFile; fileRef = 8E672AE51BD68ADE00B8D12F /* Coaching1ViewController.m */; settings = {ASSET_TAGS = (); }; };
		8E672AE81BD68D0700B8D12F /* coaching1.jpg in Resources */ = {isa = PBXBuildFile; fileRef = 8E672AE71BD68D0700B8D12F /* coaching1.jpg */; settings = {ASSET_TAGS = (); }; };
		8E672AEA1BD8DADA00B8D12F /* coaching0.jpg in Resources */ = {isa = PBXBuildFile; fileRef = 8E672AE91BD8DADA00B8D12F /* coaching0.jpg */; settings = {ASSET_TAGS = (); }; };
		8E672AF01BD94E3B00B8D12F /* Coaching2bViewController.m in Sources */ = {isa = PBXBuildFile; fileRef = 8E672AEF1BD94E3B00B8D12F /* Coaching2bViewController.m */; settings = {ASSET_TAGS = (); }; };
		8E672AF21BDE329A00B8D12F /* coaching-a1.jpg in Resources */ = {isa = PBXBuildFile; fileRef = 8E672AF11BDE329A00B8D12F /* coaching-a1.jpg */; settings = {ASSET_TAGS = (); }; };
		8E85DB8D1BDE873A003DB5B7 /* resultado_test.jpg in Resources */ = {isa = PBXBuildFile; fileRef = 8E85DB8C1BDE873A003DB5B7 /* resultado_test.jpg */; settings = {ASSET_TAGS = (); }; };
		8E85DB901BDF8124003DB5B7 /* PesoViewController.m in Sources */ = {isa = PBXBuildFile; fileRef = 8E85DB8F1BDF8124003DB5B7 /* PesoViewController.m */; settings = {ASSET_TAGS = (); }; };
		8E85DB921BDFA954003DB5B7 /* resPesIdal.jpg in Resources */ = {isa = PBXBuildFile; fileRef = 8E85DB911BDFA954003DB5B7 /* resPesIdal.jpg */; settings = {ASSET_TAGS = (); }; };
		8EC69BA31BC56B6E00B7149E /* main.m in Sources */ = {isa = PBXBuildFile; fileRef = 8EC69BA21BC56B6E00B7149E /* main.m */; };
		8EC69BA61BC56B6E00B7149E /* AppDelegate.m in Sources */ = {isa = PBXBuildFile; fileRef = 8EC69BA51BC56B6E00B7149E /* AppDelegate.m */; };
		8EC69BA91BC56B6E00B7149E /* ViewController.m in Sources */ = {isa = PBXBuildFile; fileRef = 8EC69BA81BC56B6E00B7149E /* ViewController.m */; };
		8EC69BAC1BC56B6E00B7149E /* Main.storyboard in Resources */ = {isa = PBXBuildFile; fileRef = 8EC69BAA1BC56B6E00B7149E /* Main.storyboard */; };
		8EC69BAE1BC56B6E00B7149E /* Assets.xcassets in Resources */ = {isa = PBXBuildFile; fileRef = 8EC69BAD1BC56B6E00B7149E /* Assets.xcassets */; };
		8EC69BB11BC56B6E00B7149E /* LaunchScreen.storyboard in Resources */ = {isa = PBXBuildFile; fileRef = 8EC69BAF1BC56B6E00B7149E /* LaunchScreen.storyboard */; };
		8EC69BBC1BC56B6F00B7149E /* PronokalTests.m in Sources */ = {isa = PBXBuildFile; fileRef = 8EC69BBB1BC56B6F00B7149E /* PronokalTests.m */; };
		8EC69BC71BC56B6F00B7149E /* PronokalUITests.m in Sources */ = {isa = PBXBuildFile; fileRef = 8EC69BC61BC56B6F00B7149E /* PronokalUITests.m */; };
		8EC69BD91BC5757600B7149E /* UIDemoNavController.m in Sources */ = {isa = PBXBuildFile; fileRef = 8EC69BD81BC5757600B7149E /* UIDemoNavController.m */; settings = {ASSET_TAGS = (); }; };
		8EC69BDD1BC57C9A00B7149E /* menu.png in Resources */ = {isa = PBXBuildFile; fileRef = 8EC69BDA1BC57C9A00B7149E /* menu.png */; settings = {ASSET_TAGS = (); }; };
		8EC69BDE1BC57C9A00B7149E /* menu@2x.png in Resources */ = {isa = PBXBuildFile; fileRef = 8EC69BDB1BC57C9A00B7149E /* menu@2x.png */; settings = {ASSET_TAGS = (); }; };
		8EC69BDF1BC57C9A00B7149E /* menu@3x.png in Resources */ = {isa = PBXBuildFile; fileRef = 8EC69BDC1BC57C9A00B7149E /* menu@3x.png */; settings = {ASSET_TAGS = (); }; };
		8EC69BE41BC57E1B00B7149E /* club.png in Resources */ = {isa = PBXBuildFile; fileRef = 8EC69BE11BC57E1B00B7149E /* club.png */; settings = {ASSET_TAGS = (); }; };
		8EC69BE51BC57E1B00B7149E /* club@2x.png in Resources */ = {isa = PBXBuildFile; fileRef = 8EC69BE21BC57E1B00B7149E /* club@2x.png */; settings = {ASSET_TAGS = (); }; };
		8EC69BE61BC57E1B00B7149E /* club@3x.png in Resources */ = {isa = PBXBuildFile; fileRef = 8EC69BE31BC57E1B00B7149E /* club@3x.png */; settings = {ASSET_TAGS = (); }; };
		8EC69BFC1BC5813E00B7149E /* config.png in Resources */ = {isa = PBXBuildFile; fileRef = 8EC69BF61BC5813E00B7149E /* config.png */; settings = {ASSET_TAGS = (); }; };
		8EC69BFD1BC5813E00B7149E /* config@2x.png in Resources */ = {isa = PBXBuildFile; fileRef = 8EC69BF71BC5813E00B7149E /* config@2x.png */; settings = {ASSET_TAGS = (); }; };
		8EC69BFE1BC5813E00B7149E /* config@3x.png in Resources */ = {isa = PBXBuildFile; fileRef = 8EC69BF81BC5813E00B7149E /* config@3x.png */; settings = {ASSET_TAGS = (); }; };
		8EC69BFF1BC5813E00B7149E /* contacto.png in Resources */ = {isa = PBXBuildFile; fileRef = 8EC69BF91BC5813E00B7149E /* contacto.png */; settings = {ASSET_TAGS = (); }; };
		8EC69C001BC5813E00B7149E /* contacto@2x.png in Resources */ = {isa = PBXBuildFile; fileRef = 8EC69BFA1BC5813E00B7149E /* contacto@2x.png */; settings = {ASSET_TAGS = (); }; };
		8EC69C011BC5813E00B7149E /* contacto@3x.png in Resources */ = {isa = PBXBuildFile; fileRef = 8EC69BFB1BC5813E00B7149E /* contacto@3x.png */; settings = {ASSET_TAGS = (); }; };
		8EC69C051BC5820D00B7149E /* atras.png in Resources */ = {isa = PBXBuildFile; fileRef = 8EC69C021BC5820D00B7149E /* atras.png */; settings = {ASSET_TAGS = (); }; };
		8EC69C061BC5820D00B7149E /* atras@2x.png in Resources */ = {isa = PBXBuildFile; fileRef = 8EC69C031BC5820D00B7149E /* atras@2x.png */; settings = {ASSET_TAGS = (); }; };
		8EC69C071BC5820D00B7149E /* atras@3x.png in Resources */ = {isa = PBXBuildFile; fileRef = 8EC69C041BC5820D00B7149E /* atras@3x.png */; settings = {ASSET_TAGS = (); }; };
		8EC69C0A1BC66B5100B7149E /* medicos_home.jpg in Resources */ = {isa = PBXBuildFile; fileRef = 8EC69C091BC66B5100B7149E /* medicos_home.jpg */; settings = {ASSET_TAGS = (); }; };
		8EC69C0D1BC66D8D00B7149E /* logo_texto.jpg in Resources */ = {isa = PBXBuildFile; fileRef = 8EC69C0C1BC66D8D00B7149E /* logo_texto.jpg */; settings = {ASSET_TAGS = (); }; };
		8EC69C0F1BC6737300B7149E /* texto-contacto.png in Resources */ = {isa = PBXBuildFile; fileRef = 8EC69C0E1BC6737300B7149E /* texto-contacto.png */; settings = {ASSET_TAGS = (); }; };
		8EC69C111BC675E300B7149E /* logo_texto2.png in Resources */ = {isa = PBXBuildFile; fileRef = 8EC69C101BC675E300B7149E /* logo_texto2.png */; settings = {ASSET_TAGS = (); }; };
		8EC69C141BC67A0800B7149E /* ContactoViewController.m in Sources */ = {isa = PBXBuildFile; fileRef = 8EC69C131BC67A0800B7149E /* ContactoViewController.m */; settings = {ASSET_TAGS = (); }; };
		8EC69C161BC683E800B7149E /* MessageUI.framework in Frameworks */ = {isa = PBXBuildFile; fileRef = 8EC69C151BC683E800B7149E /* MessageUI.framework */; };
		8EC69C181BC6A58F00B7149E /* llamadas.png in Resources */ = {isa = PBXBuildFile; fileRef = 8EC69C171BC6A58F00B7149E /* llamadas.png */; settings = {ASSET_TAGS = (); }; };
		8EC69C1A1BC6BCCD00B7149E /* sobre.png in Resources */ = {isa = PBXBuildFile; fileRef = 8EC69C191BC6BCCD00B7149E /* sobre.png */; settings = {ASSET_TAGS = (); }; };
		8EC69C1C1BC6BD3B00B7149E /* posicion.png in Resources */ = {isa = PBXBuildFile; fileRef = 8EC69C1B1BC6BD3B00B7149E /* posicion.png */; settings = {ASSET_TAGS = (); }; };
		8EC69C1F1BCD07D800B7149E /* ClubViewController.m in Sources */ = {isa = PBXBuildFile; fileRef = 8EC69C1E1BCD07D800B7149E /* ClubViewController.m */; settings = {ASSET_TAGS = (); }; };
		8EC69C291BCD101D00B7149E /* boton_actividad.jpg in Resources */ = {isa = PBXBuildFile; fileRef = 8EC69C201BCD101D00B7149E /* boton_actividad.jpg */; settings = {ASSET_TAGS = (); }; };
		8EC69C2A1BCD101D00B7149E /* boton_apoyo.jpg in Resources */ = {isa = PBXBuildFile; fileRef = 8EC69C211BCD101D00B7149E /* boton_apoyo.jpg */; settings = {ASSET_TAGS = (); }; };
		8EC69C2B1BCD101D00B7149E /* boton_calc.jpg in Resources */ = {isa = PBXBuildFile; fileRef = 8EC69C221BCD101D00B7149E /* boton_calc.jpg */; settings = {ASSET_TAGS = (); }; };
		8EC69C2C1BCD101D00B7149E /* boton_club.jpg in Resources */ = {isa = PBXBuildFile; fileRef = 8EC69C231BCD101D00B7149E /* boton_club.jpg */; settings = {ASSET_TAGS = (); }; };
		8EC69C2D1BCD101D00B7149E /* boton_control.jpg in Resources */ = {isa = PBXBuildFile; fileRef = 8EC69C241BCD101D00B7149E /* boton_control.jpg */; settings = {ASSET_TAGS = (); }; };
		8EC69C2E1BCD101D00B7149E /* boton_nutricion.jpg in Resources */ = {isa = PBXBuildFile; fileRef = 8EC69C251BCD101D00B7149E /* boton_nutricion.jpg */; settings = {ASSET_TAGS = (); }; };
		8EC69C2F1BCD101D00B7149E /* boton_peso.jpg in Resources */ = {isa = PBXBuildFile; fileRef = 8EC69C261BCD101D00B7149E /* boton_peso.jpg */; settings = {ASSET_TAGS = (); }; };
		8EC69C301BCD101D00B7149E /* boton_pronokal.jpg in Resources */ = {isa = PBXBuildFile; fileRef = 8EC69C271BCD101D00B7149E /* boton_pronokal.jpg */; settings = {ASSET_TAGS = (); }; };
		8EC69C311BCD101D00B7149E /* boton_testimonios.jpg in Resources */ = {isa = PBXBuildFile; fileRef = 8EC69C281BCD101D00B7149E /* boton_testimonios.jpg */; settings = {ASSET_TAGS = (); }; };
		8EC69C371BCD289C00B7149E /* calculadura_text2.jpg in Resources */ = {isa = PBXBuildFile; fileRef = 8EC69C361BCD289C00B7149E /* calculadura_text2.jpg */; settings = {ASSET_TAGS = (); }; };
		8EE1F23F1BCD4781007A3D73 /* CalculadoraViewController.m in Sources */ = {isa = PBXBuildFile; fileRef = 8EE1F23E1BCD4781007A3D73 /* CalculadoraViewController.m */; settings = {ASSET_TAGS = (); }; };
		8EE1F2421BCE75DD007A3D73 /* NutricionViewController.m in Sources */ = {isa = PBXBuildFile; fileRef = 8EE1F2411BCE75DD007A3D73 /* NutricionViewController.m */; settings = {ASSET_TAGS = (); }; };
		8EE1F2441BCE990F007A3D73 /* nutricion-1.jpg in Resources */ = {isa = PBXBuildFile; fileRef = 8EE1F2431BCE990F007A3D73 /* nutricion-1.jpg */; settings = {ASSET_TAGS = (); }; };
		8EE1F2471BCE9E9A007A3D73 /* Nutricion2ViewController.m in Sources */ = {isa = PBXBuildFile; fileRef = 8EE1F2461BCE9E9A007A3D73 /* Nutricion2ViewController.m */; settings = {ASSET_TAGS = (); }; };
		8EE1F2491BCEA0DE007A3D73 /* nutricion-2.jpg in Resources */ = {isa = PBXBuildFile; fileRef = 8EE1F2481BCEA0DE007A3D73 /* nutricion-2.jpg */; settings = {ASSET_TAGS = (); }; };
		8EE1F24D1BCEACFF007A3D73 /* PNK-1.jpg in Resources */ = {isa = PBXBuildFile; fileRef = 8EE1F24A1BCEACFF007A3D73 /* PNK-1.jpg */; settings = {ASSET_TAGS = (); }; };
		8EE1F24E1BCEACFF007A3D73 /* PNK-2.jpg in Resources */ = {isa = PBXBuildFile; fileRef = 8EE1F24B1BCEACFF007A3D73 /* PNK-2.jpg */; settings = {ASSET_TAGS = (); }; };
		8EE1F24F1BCEACFF007A3D73 /* PNK-3.jpg in Resources */ = {isa = PBXBuildFile; fileRef = 8EE1F24C1BCEACFF007A3D73 /* PNK-3.jpg */; settings = {ASSET_TAGS = (); }; };
		8EE1F2521BCFAFD7007A3D73 /* PNK1ViewController.m in Sources */ = {isa = PBXBuildFile; fileRef = 8EE1F2511BCFAFD7007A3D73 /* PNK1ViewController.m */; settings = {ASSET_TAGS = (); }; };
		8EE1F2551BCFC383007A3D73 /* PNK2ViewController.m in Sources */ = {isa = PBXBuildFile; fileRef = 8EE1F2541BCFC383007A3D73 /* PNK2ViewController.m */; settings = {ASSET_TAGS = (); }; };
		8EE1F2581BCFF3C6007A3D73 /* PNK3ViewController.m in Sources */ = {isa = PBXBuildFile; fileRef = 8EE1F2571BCFF3C6007A3D73 /* PNK3ViewController.m */; settings = {ASSET_TAGS = (); }; };
		8EE1F25B1BD007D4007A3D73 /* Control1ViewController.m in Sources */ = {isa = PBXBuildFile; fileRef = 8EE1F25A1BD007D4007A3D73 /* Control1ViewController.m */; settings = {ASSET_TAGS = (); }; };
		8EE1F25E1BD00914007A3D73 /* Control2ViewController.m in Sources */ = {isa = PBXBuildFile; fileRef = 8EE1F25D1BD00914007A3D73 /* Control2ViewController.m */; settings = {ASSET_TAGS = (); }; };
		8EE1F2611BD00BBA007A3D73 /* control1.jpg in Resources */ = {isa = PBXBuildFile; fileRef = 8EE1F25F1BD00BBA007A3D73 /* control1.jpg */; settings = {ASSET_TAGS = (); }; };
		8EE1F2621BD00BBA007A3D73 /* control2.jpg in Resources */ = {isa = PBXBuildFile; fileRef = 8EE1F2601BD00BBA007A3D73 /* control2.jpg */; settings = {ASSET_TAGS = (); }; };
		8EE1F2651BD11071007A3D73 /* Actividad1ViewController.m in Sources */ = {isa = PBXBuildFile; fileRef = 8EE1F2641BD11071007A3D73 /* Actividad1ViewController.m */; settings = {ASSET_TAGS = (); }; };
		8EE1F2681BD112D6007A3D73 /* actividad1.jpg in Resources */ = {isa = PBXBuildFile; fileRef = 8EE1F2661BD112D6007A3D73 /* actividad1.jpg */; settings = {ASSET_TAGS = (); }; };
		8EE1F2691BD112D6007A3D73 /* actividad2.jpg in Resources */ = {isa = PBXBuildFile; fileRef = 8EE1F2671BD112D6007A3D73 /* actividad2.jpg */; settings = {ASSET_TAGS = (); }; };
		8EE1F26C1BD3B43B007A3D73 /* Actividad2ViewController.m in Sources */ = {isa = PBXBuildFile; fileRef = 8EE1F26B1BD3B43B007A3D73 /* Actividad2ViewController.m */; settings = {ASSET_TAGS = (); }; };
		8EE1F26F1BD3BE45007A3D73 /* testimoniosViewController.m in Sources */ = {isa = PBXBuildFile; fileRef = 8EE1F26E1BD3BE45007A3D73 /* testimoniosViewController.m */; settings = {ASSET_TAGS = (); }; };
		8EE1F2731BD40977007A3D73 /* MediaPlayer.framework in Frameworks */ = {isa = PBXBuildFile; fileRef = 8EE1F2721BD40977007A3D73 /* MediaPlayer.framework */; };
		8EE1F2751BD4131B007A3D73 /* testimonios1.jpg in Resources */ = {isa = PBXBuildFile; fileRef = 8EE1F2741BD4131B007A3D73 /* testimonios1.jpg */; settings = {ASSET_TAGS = (); }; };
		8EE1F27E1BD53E4E007A3D73 /* calc1-h.jpg in Resources */ = {isa = PBXBuildFile; fileRef = 8EE1F27C1BD53E4E007A3D73 /* calc1-h.jpg */; settings = {ASSET_TAGS = (); }; };
		8EE1F27F1BD53E4E007A3D73 /* calc1-m.jpg in Resources */ = {isa = PBXBuildFile; fileRef = 8EE1F27D1BD53E4E007A3D73 /* calc1-m.jpg */; settings = {ASSET_TAGS = (); }; };
		8EE1F2821BD5424D007A3D73 /* CalculadorahViewController.m in Sources */ = {isa = PBXBuildFile; fileRef = 8EE1F2811BD5424D007A3D73 /* CalculadorahViewController.m */; settings = {ASSET_TAGS = (); }; };
		8EE1F2851BD54E83007A3D73 /* Calculadora2ViewController.m in Sources */ = {isa = PBXBuildFile; fileRef = 8EE1F2841BD54E83007A3D73 /* Calculadora2ViewController.m */; settings = {ASSET_TAGS = (); }; };
/* End PBXBuildFile section */

/* Begin PBXContainerItemProxy section */
		8EC69BB81BC56B6F00B7149E /* PBXContainerItemProxy */ = {
			isa = PBXContainerItemProxy;
			containerPortal = 8EC69B961BC56B6E00B7149E /* Project object */;
			proxyType = 1;
			remoteGlobalIDString = 8EC69B9D1BC56B6E00B7149E;
			remoteInfo = Pronokal;
		};
		8EC69BC31BC56B6F00B7149E /* PBXContainerItemProxy */ = {
			isa = PBXContainerItemProxy;
			containerPortal = 8EC69B961BC56B6E00B7149E /* Project object */;
			proxyType = 1;
			remoteGlobalIDString = 8EC69B9D1BC56B6E00B7149E;
			remoteInfo = Pronokal;
		};
/* End PBXContainerItemProxy section */

/* Begin PBXFileReference section */
		8E672ADE1BD644AA00B8D12F /* resultadoimc.jpg */ = {isa = PBXFileReference; lastKnownFileType = image.jpeg; path = resultadoimc.jpg; sourceTree = "<group>"; };
		8E672AE01BD64A5900B8D12F /* flecha.jpg */ = {isa = PBXFileReference; lastKnownFileType = image.jpeg; path = flecha.jpg; sourceTree = "<group>"; };
		8E672AE21BD64B8E00B8D12F /* flecha.png */ = {isa = PBXFileReference; lastKnownFileType = image.png; path = flecha.png; sourceTree = "<group>"; };
		8E672AE41BD68ADE00B8D12F /* Coaching1ViewController.h */ = {isa = PBXFileReference; fileEncoding = 4; lastKnownFileType = sourcecode.c.h; path = Coaching1ViewController.h; sourceTree = "<group>"; };
		8E672AE51BD68ADE00B8D12F /* Coaching1ViewController.m */ = {isa = PBXFileReference; fileEncoding = 4; lastKnownFileType = sourcecode.c.objc; path = Coaching1ViewController.m; sourceTree = "<group>"; };
		8E672AE71BD68D0700B8D12F /* coaching1.jpg */ = {isa = PBXFileReference; lastKnownFileType = image.jpeg; path = coaching1.jpg; sourceTree = "<group>"; };
		8E672AE91BD8DADA00B8D12F /* coaching0.jpg */ = {isa = PBXFileReference; lastKnownFileType = image.jpeg; path = coaching0.jpg; sourceTree = "<group>"; };
		8E672AEE1BD94E3B00B8D12F /* Coaching2bViewController.h */ = {isa = PBXFileReference; fileEncoding = 4; lastKnownFileType = sourcecode.c.h; path = Coaching2bViewController.h; sourceTree = "<group>"; };
		8E672AEF1BD94E3B00B8D12F /* Coaching2bViewController.m */ = {isa = PBXFileReference; fileEncoding = 4; lastKnownFileType = sourcecode.c.objc; path = Coaching2bViewController.m; sourceTree = "<group>"; };
		8E672AF11BDE329A00B8D12F /* coaching-a1.jpg */ = {isa = PBXFileReference; lastKnownFileType = image.jpeg; path = "coaching-a1.jpg"; sourceTree = "<group>"; };
		8E85DB8C1BDE873A003DB5B7 /* resultado_test.jpg */ = {isa = PBXFileReference; lastKnownFileType = image.jpeg; path = resultado_test.jpg; sourceTree = "<group>"; };
		8E85DB8E1BDF8124003DB5B7 /* PesoViewController.h */ = {isa = PBXFileReference; fileEncoding = 4; lastKnownFileType = sourcecode.c.h; path = PesoViewController.h; sourceTree = "<group>"; };
		8E85DB8F1BDF8124003DB5B7 /* PesoViewController.m */ = {isa = PBXFileReference; fileEncoding = 4; lastKnownFileType = sourcecode.c.objc; path = PesoViewController.m; sourceTree = "<group>"; };
		8E85DB911BDFA954003DB5B7 /* resPesIdal.jpg */ = {isa = PBXFileReference; lastKnownFileType = image.jpeg; path = resPesIdal.jpg; sourceTree = "<group>"; };
		8EC69B9E1BC56B6E00B7149E /* Pronokal.app */ = {isa = PBXFileReference; explicitFileType = wrapper.application; includeInIndex = 0; path = Pronokal.app; sourceTree = BUILT_PRODUCTS_DIR; };
		8EC69BA21BC56B6E00B7149E /* main.m */ = {isa = PBXFileReference; lastKnownFileType = sourcecode.c.objc; path = main.m; sourceTree = "<group>"; };
		8EC69BA41BC56B6E00B7149E /* AppDelegate.h */ = {isa = PBXFileReference; lastKnownFileType = sourcecode.c.h; path = AppDelegate.h; sourceTree = "<group>"; };
		8EC69BA51BC56B6E00B7149E /* AppDelegate.m */ = {isa = PBXFileReference; lastKnownFileType = sourcecode.c.objc; path = AppDelegate.m; sourceTree = "<group>"; };
		8EC69BA71BC56B6E00B7149E /* ViewController.h */ = {isa = PBXFileReference; lastKnownFileType = sourcecode.c.h; path = ViewController.h; sourceTree = "<group>"; };
		8EC69BA81BC56B6E00B7149E /* ViewController.m */ = {isa = PBXFileReference; lastKnownFileType = sourcecode.c.objc; path = ViewController.m; sourceTree = "<group>"; };
		8EC69BAB1BC56B6E00B7149E /* Base */ = {isa = PBXFileReference; lastKnownFileType = file.storyboard; name = Base; path = Base.lproj/Main.storyboard; sourceTree = "<group>"; };
		8EC69BAD1BC56B6E00B7149E /* Assets.xcassets */ = {isa = PBXFileReference; lastKnownFileType = folder.assetcatalog; path = Assets.xcassets; sourceTree = "<group>"; };
		8EC69BB01BC56B6E00B7149E /* Base */ = {isa = PBXFileReference; lastKnownFileType = file.storyboard; name = Base; path = Base.lproj/LaunchScreen.storyboard; sourceTree = "<group>"; };
		8EC69BB21BC56B6E00B7149E /* Info.plist */ = {isa = PBXFileReference; lastKnownFileType = text.plist.xml; path = Info.plist; sourceTree = "<group>"; };
		8EC69BB71BC56B6F00B7149E /* PronokalTests.xctest */ = {isa = PBXFileReference; explicitFileType = wrapper.cfbundle; includeInIndex = 0; path = PronokalTests.xctest; sourceTree = BUILT_PRODUCTS_DIR; };
		8EC69BBB1BC56B6F00B7149E /* PronokalTests.m */ = {isa = PBXFileReference; lastKnownFileType = sourcecode.c.objc; path = PronokalTests.m; sourceTree = "<group>"; };
		8EC69BBD1BC56B6F00B7149E /* Info.plist */ = {isa = PBXFileReference; lastKnownFileType = text.plist.xml; path = Info.plist; sourceTree = "<group>"; };
		8EC69BC21BC56B6F00B7149E /* PronokalUITests.xctest */ = {isa = PBXFileReference; explicitFileType = wrapper.cfbundle; includeInIndex = 0; path = PronokalUITests.xctest; sourceTree = BUILT_PRODUCTS_DIR; };
		8EC69BC61BC56B6F00B7149E /* PronokalUITests.m */ = {isa = PBXFileReference; lastKnownFileType = sourcecode.c.objc; path = PronokalUITests.m; sourceTree = "<group>"; };
		8EC69BC81BC56B6F00B7149E /* Info.plist */ = {isa = PBXFileReference; lastKnownFileType = text.plist.xml; path = Info.plist; sourceTree = "<group>"; };
		8EC69BD71BC5757600B7149E /* UIDemoNavController.h */ = {isa = PBXFileReference; fileEncoding = 4; lastKnownFileType = sourcecode.c.h; path = UIDemoNavController.h; sourceTree = "<group>"; };
		8EC69BD81BC5757600B7149E /* UIDemoNavController.m */ = {isa = PBXFileReference; fileEncoding = 4; lastKnownFileType = sourcecode.c.objc; path = UIDemoNavController.m; sourceTree = "<group>"; };
		8EC69BDA1BC57C9A00B7149E /* menu.png */ = {isa = PBXFileReference; lastKnownFileType = image.png; path = menu.png; sourceTree = "<group>"; };
		8EC69BDB1BC57C9A00B7149E /* menu@2x.png */ = {isa = PBXFileReference; lastKnownFileType = image.png; path = "menu@2x.png"; sourceTree = "<group>"; };
		8EC69BDC1BC57C9A00B7149E /* menu@3x.png */ = {isa = PBXFileReference; lastKnownFileType = image.png; path = "menu@3x.png"; sourceTree = "<group>"; };
		8EC69BE11BC57E1B00B7149E /* club.png */ = {isa = PBXFileReference; lastKnownFileType = image.png; path = club.png; sourceTree = "<group>"; };
		8EC69BE21BC57E1B00B7149E /* club@2x.png */ = {isa = PBXFileReference; lastKnownFileType = image.png; path = "club@2x.png"; sourceTree = "<group>"; };
		8EC69BE31BC57E1B00B7149E /* club@3x.png */ = {isa = PBXFileReference; lastKnownFileType = image.png; path = "club@3x.png"; sourceTree = "<group>"; };
		8EC69BF61BC5813E00B7149E /* config.png */ = {isa = PBXFileReference; lastKnownFileType = image.png; path = config.png; sourceTree = "<group>"; };
		8EC69BF71BC5813E00B7149E /* config@2x.png */ = {isa = PBXFileReference; lastKnownFileType = image.png; path = "config@2x.png"; sourceTree = "<group>"; };
		8EC69BF81BC5813E00B7149E /* config@3x.png */ = {isa = PBXFileReference; lastKnownFileType = image.png; path = "config@3x.png"; sourceTree = "<group>"; };
		8EC69BF91BC5813E00B7149E /* contacto.png */ = {isa = PBXFileReference; lastKnownFileType = image.png; path = contacto.png; sourceTree = "<group>"; };
		8EC69BFA1BC5813E00B7149E /* contacto@2x.png */ = {isa = PBXFileReference; lastKnownFileType = image.png; path = "contacto@2x.png"; sourceTree = "<group>"; };
		8EC69BFB1BC5813E00B7149E /* contacto@3x.png */ = {isa = PBXFileReference; lastKnownFileType = image.png; path = "contacto@3x.png"; sourceTree = "<group>"; };
		8EC69C021BC5820D00B7149E /* atras.png */ = {isa = PBXFileReference; lastKnownFileType = image.png; path = atras.png; sourceTree = "<group>"; };
		8EC69C031BC5820D00B7149E /* atras@2x.png */ = {isa = PBXFileReference; lastKnownFileType = image.png; path = "atras@2x.png"; sourceTree = "<group>"; };
		8EC69C041BC5820D00B7149E /* atras@3x.png */ = {isa = PBXFileReference; lastKnownFileType = image.png; path = "atras@3x.png"; sourceTree = "<group>"; };
		8EC69C091BC66B5100B7149E /* medicos_home.jpg */ = {isa = PBXFileReference; lastKnownFileType = image.jpeg; path = medicos_home.jpg; sourceTree = "<group>"; };
		8EC69C0C1BC66D8D00B7149E /* logo_texto.jpg */ = {isa = PBXFileReference; lastKnownFileType = image.jpeg; path = logo_texto.jpg; sourceTree = "<group>"; };
		8EC69C0E1BC6737300B7149E /* texto-contacto.png */ = {isa = PBXFileReference; lastKnownFileType = image.png; path = "texto-contacto.png"; sourceTree = "<group>"; };
		8EC69C101BC675E300B7149E /* logo_texto2.png */ = {isa = PBXFileReference; lastKnownFileType = image.png; path = logo_texto2.png; sourceTree = "<group>"; };
		8EC69C121BC67A0800B7149E /* ContactoViewController.h */ = {isa = PBXFileReference; fileEncoding = 4; lastKnownFileType = sourcecode.c.h; path = ContactoViewController.h; sourceTree = "<group>"; };
		8EC69C131BC67A0800B7149E /* ContactoViewController.m */ = {isa = PBXFileReference; fileEncoding = 4; lastKnownFileType = sourcecode.c.objc; path = ContactoViewController.m; sourceTree = "<group>"; };
		8EC69C151BC683E800B7149E /* MessageUI.framework */ = {isa = PBXFileReference; lastKnownFileType = wrapper.framework; name = MessageUI.framework; path = System/Library/Frameworks/MessageUI.framework; sourceTree = SDKROOT; };
		8EC69C171BC6A58F00B7149E /* llamadas.png */ = {isa = PBXFileReference; lastKnownFileType = image.png; path = llamadas.png; sourceTree = "<group>"; };
		8EC69C191BC6BCCD00B7149E /* sobre.png */ = {isa = PBXFileReference; lastKnownFileType = image.png; path = sobre.png; sourceTree = "<group>"; };
		8EC69C1B1BC6BD3B00B7149E /* posicion.png */ = {isa = PBXFileReference; lastKnownFileType = image.png; path = posicion.png; sourceTree = "<group>"; };
		8EC69C1D1BCD07D800B7149E /* ClubViewController.h */ = {isa = PBXFileReference; fileEncoding = 4; lastKnownFileType = sourcecode.c.h; path = ClubViewController.h; sourceTree = "<group>"; };
		8EC69C1E1BCD07D800B7149E /* ClubViewController.m */ = {isa = PBXFileReference; fileEncoding = 4; lastKnownFileType = sourcecode.c.objc; path = ClubViewController.m; sourceTree = "<group>"; };
		8EC69C201BCD101D00B7149E /* boton_actividad.jpg */ = {isa = PBXFileReference; lastKnownFileType = image.jpeg; path = boton_actividad.jpg; sourceTree = "<group>"; };
		8EC69C211BCD101D00B7149E /* boton_apoyo.jpg */ = {isa = PBXFileReference; lastKnownFileType = image.jpeg; path = boton_apoyo.jpg; sourceTree = "<group>"; };
		8EC69C221BCD101D00B7149E /* boton_calc.jpg */ = {isa = PBXFileReference; lastKnownFileType = image.jpeg; path = boton_calc.jpg; sourceTree = "<group>"; };
		8EC69C231BCD101D00B7149E /* boton_club.jpg */ = {isa = PBXFileReference; lastKnownFileType = image.jpeg; path = boton_club.jpg; sourceTree = "<group>"; };
		8EC69C241BCD101D00B7149E /* boton_control.jpg */ = {isa = PBXFileReference; lastKnownFileType = image.jpeg; path = boton_control.jpg; sourceTree = "<group>"; };
		8EC69C251BCD101D00B7149E /* boton_nutricion.jpg */ = {isa = PBXFileReference; lastKnownFileType = image.jpeg; path = boton_nutricion.jpg; sourceTree = "<group>"; };
		8EC69C261BCD101D00B7149E /* boton_peso.jpg */ = {isa = PBXFileReference; lastKnownFileType = image.jpeg; path = boton_peso.jpg; sourceTree = "<group>"; };
		8EC69C271BCD101D00B7149E /* boton_pronokal.jpg */ = {isa = PBXFileReference; lastKnownFileType = image.jpeg; path = boton_pronokal.jpg; sourceTree = "<group>"; };
		8EC69C281BCD101D00B7149E /* boton_testimonios.jpg */ = {isa = PBXFileReference; lastKnownFileType = image.jpeg; path = boton_testimonios.jpg; sourceTree = "<group>"; };
		8EC69C361BCD289C00B7149E /* calculadura_text2.jpg */ = {isa = PBXFileReference; lastKnownFileType = image.jpeg; path = calculadura_text2.jpg; sourceTree = "<group>"; };
		8EE1F23D1BCD4781007A3D73 /* CalculadoraViewController.h */ = {isa = PBXFileReference; fileEncoding = 4; lastKnownFileType = sourcecode.c.h; path = CalculadoraViewController.h; sourceTree = "<group>"; };
		8EE1F23E1BCD4781007A3D73 /* CalculadoraViewController.m */ = {isa = PBXFileReference; fileEncoding = 4; lastKnownFileType = sourcecode.c.objc; path = CalculadoraViewController.m; sourceTree = "<group>"; };
		8EE1F2401BCE75DD007A3D73 /* NutricionViewController.h */ = {isa = PBXFileReference; fileEncoding = 4; lastKnownFileType = sourcecode.c.h; path = NutricionViewController.h; sourceTree = "<group>"; };
		8EE1F2411BCE75DD007A3D73 /* NutricionViewController.m */ = {isa = PBXFileReference; fileEncoding = 4; lastKnownFileType = sourcecode.c.objc; path = NutricionViewController.m; sourceTree = "<group>"; };
		8EE1F2431BCE990F007A3D73 /* nutricion-1.jpg */ = {isa = PBXFileReference; lastKnownFileType = image.jpeg; path = "nutricion-1.jpg"; sourceTree = "<group>"; };
		8EE1F2451BCE9E9A007A3D73 /* Nutricion2ViewController.h */ = {isa = PBXFileReference; fileEncoding = 4; lastKnownFileType = sourcecode.c.h; path = Nutricion2ViewController.h; sourceTree = "<group>"; };
		8EE1F2461BCE9E9A007A3D73 /* Nutricion2ViewController.m */ = {isa = PBXFileReference; fileEncoding = 4; lastKnownFileType = sourcecode.c.objc; path = Nutricion2ViewController.m; sourceTree = "<group>"; };
		8EE1F2481BCEA0DE007A3D73 /* nutricion-2.jpg */ = {isa = PBXFileReference; lastKnownFileType = image.jpeg; path = "nutricion-2.jpg"; sourceTree = "<group>"; };
		8EE1F24A1BCEACFF007A3D73 /* PNK-1.jpg */ = {isa = PBXFileReference; lastKnownFileType = image.jpeg; path = "PNK-1.jpg"; sourceTree = "<group>"; };
		8EE1F24B1BCEACFF007A3D73 /* PNK-2.jpg */ = {isa = PBXFileReference; lastKnownFileType = image.jpeg; path = "PNK-2.jpg"; sourceTree = "<group>"; };
		8EE1F24C1BCEACFF007A3D73 /* PNK-3.jpg */ = {isa = PBXFileReference; lastKnownFileType = image.jpeg; path = "PNK-3.jpg"; sourceTree = "<group>"; };
		8EE1F2501BCFAFD7007A3D73 /* PNK1ViewController.h */ = {isa = PBXFileReference; fileEncoding = 4; lastKnownFileType = sourcecode.c.h; path = PNK1ViewController.h; sourceTree = "<group>"; };
		8EE1F2511BCFAFD7007A3D73 /* PNK1ViewController.m */ = {isa = PBXFileReference; fileEncoding = 4; lastKnownFileType = sourcecode.c.objc; path = PNK1ViewController.m; sourceTree = "<group>"; };
		8EE1F2531BCFC383007A3D73 /* PNK2ViewController.h */ = {isa = PBXFileReference; fileEncoding = 4; lastKnownFileType = sourcecode.c.h; path = PNK2ViewController.h; sourceTree = "<group>"; };
		8EE1F2541BCFC383007A3D73 /* PNK2ViewController.m */ = {isa = PBXFileReference; fileEncoding = 4; lastKnownFileType = sourcecode.c.objc; path = PNK2ViewController.m; sourceTree = "<group>"; };
		8EE1F2561BCFF3C6007A3D73 /* PNK3ViewController.h */ = {isa = PBXFileReference; fileEncoding = 4; lastKnownFileType = sourcecode.c.h; path = PNK3ViewController.h; sourceTree = "<group>"; };
		8EE1F2571BCFF3C6007A3D73 /* PNK3ViewController.m */ = {isa = PBXFileReference; fileEncoding = 4; lastKnownFileType = sourcecode.c.objc; path = PNK3ViewController.m; sourceTree = "<group>"; };
		8EE1F2591BD007D4007A3D73 /* Control1ViewController.h */ = {isa = PBXFileReference; fileEncoding = 4; lastKnownFileType = sourcecode.c.h; path = Control1ViewController.h; sourceTree = "<group>"; };
		8EE1F25A1BD007D4007A3D73 /* Control1ViewController.m */ = {isa = PBXFileReference; fileEncoding = 4; lastKnownFileType = sourcecode.c.objc; path = Control1ViewController.m; sourceTree = "<group>"; };
		8EE1F25C1BD00914007A3D73 /* Control2ViewController.h */ = {isa = PBXFileReference; fileEncoding = 4; lastKnownFileType = sourcecode.c.h; path = Control2ViewController.h; sourceTree = "<group>"; };
		8EE1F25D1BD00914007A3D73 /* Control2ViewController.m */ = {isa = PBXFileReference; fileEncoding = 4; lastKnownFileType = sourcecode.c.objc; path = Control2ViewController.m; sourceTree = "<group>"; };
		8EE1F25F1BD00BBA007A3D73 /* control1.jpg */ = {isa = PBXFileReference; lastKnownFileType = image.jpeg; path = control1.jpg; sourceTree = "<group>"; };
		8EE1F2601BD00BBA007A3D73 /* control2.jpg */ = {isa = PBXFileReference; lastKnownFileType = image.jpeg; path = control2.jpg; sourceTree = "<group>"; };
		8EE1F2631BD11071007A3D73 /* Actividad1ViewController.h */ = {isa = PBXFileReference; fileEncoding = 4; lastKnownFileType = sourcecode.c.h; path = Actividad1ViewController.h; sourceTree = "<group>"; };
		8EE1F2641BD11071007A3D73 /* Actividad1ViewController.m */ = {isa = PBXFileReference; fileEncoding = 4; lastKnownFileType = sourcecode.c.objc; path = Actividad1ViewController.m; sourceTree = "<group>"; };
		8EE1F2661BD112D6007A3D73 /* actividad1.jpg */ = {isa = PBXFileReference; lastKnownFileType = image.jpeg; path = actividad1.jpg; sourceTree = "<group>"; };
		8EE1F2671BD112D6007A3D73 /* actividad2.jpg */ = {isa = PBXFileReference; lastKnownFileType = image.jpeg; path = actividad2.jpg; sourceTree = "<group>"; };
		8EE1F26A1BD3B43B007A3D73 /* Actividad2ViewController.h */ = {isa = PBXFileReference; fileEncoding = 4; lastKnownFileType = sourcecode.c.h; path = Actividad2ViewController.h; sourceTree = "<group>"; };
		8EE1F26B1BD3B43B007A3D73 /* Actividad2ViewController.m */ = {isa = PBXFileReference; fileEncoding = 4; lastKnownFileType = sourcecode.c.objc; path = Actividad2ViewController.m; sourceTree = "<group>"; };
		8EE1F26D1BD3BE45007A3D73 /* testimoniosViewController.h */ = {isa = PBXFileReference; fileEncoding = 4; lastKnownFileType = sourcecode.c.h; path = testimoniosViewController.h; sourceTree = "<group>"; };
		8EE1F26E1BD3BE45007A3D73 /* testimoniosViewController.m */ = {isa = PBXFileReference; fileEncoding = 4; lastKnownFileType = sourcecode.c.objc; path = testimoniosViewController.m; sourceTree = "<group>"; };
		8EE1F2721BD40977007A3D73 /* MediaPlayer.framework */ = {isa = PBXFileReference; lastKnownFileType = wrapper.framework; name = MediaPlayer.framework; path = System/Library/Frameworks/MediaPlayer.framework; sourceTree = SDKROOT; };
		8EE1F2741BD4131B007A3D73 /* testimonios1.jpg */ = {isa = PBXFileReference; lastKnownFileType = image.jpeg; path = testimonios1.jpg; sourceTree = "<group>"; };
		8EE1F27C1BD53E4E007A3D73 /* calc1-h.jpg */ = {isa = PBXFileReference; lastKnownFileType = image.jpeg; path = "calc1-h.jpg"; sourceTree = "<group>"; };
		8EE1F27D1BD53E4E007A3D73 /* calc1-m.jpg */ = {isa = PBXFileReference; lastKnownFileType = image.jpeg; path = "calc1-m.jpg"; sourceTree = "<group>"; };
		8EE1F2801BD5424D007A3D73 /* CalculadorahViewController.h */ = {isa = PBXFileReference; fileEncoding = 4; lastKnownFileType = sourcecode.c.h; path = CalculadorahViewController.h; sourceTree = "<group>"; };
		8EE1F2811BD5424D007A3D73 /* CalculadorahViewController.m */ = {isa = PBXFileReference; fileEncoding = 4; lastKnownFileType = sourcecode.c.objc; path = CalculadorahViewController.m; sourceTree = "<group>"; };
		8EE1F2831BD54E83007A3D73 /* Calculadora2ViewController.h */ = {isa = PBXFileReference; fileEncoding = 4; lastKnownFileType = sourcecode.c.h; path = Calculadora2ViewController.h; sourceTree = "<group>"; };
		8EE1F2841BD54E83007A3D73 /* Calculadora2ViewController.m */ = {isa = PBXFileReference; fileEncoding = 4; lastKnownFileType = sourcecode.c.objc; path = Calculadora2ViewController.m; sourceTree = "<group>"; };
/* End PBXFileReference section */

/* Begin PBXFrameworksBuildPhase section */
		8EC69B9B1BC56B6E00B7149E /* Frameworks */ = {
			isa = PBXFrameworksBuildPhase;
			buildActionMask = 2147483647;
			files = (
				8EE1F2731BD40977007A3D73 /* MediaPlayer.framework in Frameworks */,
				8EC69C161BC683E800B7149E /* MessageUI.framework in Frameworks */,
			);
			runOnlyForDeploymentPostprocessing = 0;
		};
		8EC69BB41BC56B6F00B7149E /* Frameworks */ = {
			isa = PBXFrameworksBuildPhase;
			buildActionMask = 2147483647;
			files = (
			);
			runOnlyForDeploymentPostprocessing = 0;
		};
		8EC69BBF1BC56B6F00B7149E /* Frameworks */ = {
			isa = PBXFrameworksBuildPhase;
			buildActionMask = 2147483647;
			files = (
			);
			runOnlyForDeploymentPostprocessing = 0;
		};
/* End PBXFrameworksBuildPhase section */

/* Begin PBXGroup section */
		8EC69B951BC56B6E00B7149E = {
			isa = PBXGroup;
			children = (
				8EE1F2721BD40977007A3D73 /* MediaPlayer.framework */,
				8EC69C151BC683E800B7149E /* MessageUI.framework */,
				8EC69BA01BC56B6E00B7149E /* Pronokal */,
				8EC69BBA1BC56B6F00B7149E /* PronokalTests */,
				8EC69BC51BC56B6F00B7149E /* PronokalUITests */,
				8EC69B9F1BC56B6E00B7149E /* Products */,
			);
			sourceTree = "<group>";
		};
		8EC69B9F1BC56B6E00B7149E /* Products */ = {
			isa = PBXGroup;
			children = (
				8EC69B9E1BC56B6E00B7149E /* Pronokal.app */,
				8EC69BB71BC56B6F00B7149E /* PronokalTests.xctest */,
				8EC69BC21BC56B6F00B7149E /* PronokalUITests.xctest */,
			);
			name = Products;
			sourceTree = "<group>";
		};
		8EC69BA01BC56B6E00B7149E /* Pronokal */ = {
			isa = PBXGroup;
			children = (
				8EC69C0B1BC66B5900B7149E /* Imagenes */,
				8EC69C081BC5821600B7149E /* atras */,
				8EC69BF41BC5804E00B7149E /* config */,
				8EC69BF51BC5806200B7149E /* contacto */,
				8EC69BE71BC57E2300B7149E /* club */,
				8EC69BE01BC57CA300B7149E /* menu */,
				8EC69BA41BC56B6E00B7149E /* AppDelegate.h */,
				8EC69BA51BC56B6E00B7149E /* AppDelegate.m */,
				8EC69BA81BC56B6E00B7149E /* ViewController.m */,
				8EC69BA71BC56B6E00B7149E /* ViewController.h */,
				8EC69BD71BC5757600B7149E /* UIDemoNavController.h */,
				8EC69BD81BC5757600B7149E /* UIDemoNavController.m */,
				8EC69C121BC67A0800B7149E /* ContactoViewController.h */,
				8EC69C131BC67A0800B7149E /* ContactoViewController.m */,
				8EC69BAA1BC56B6E00B7149E /* Main.storyboard */,
				8E672AEE1BD94E3B00B8D12F /* Coaching2bViewController.h */,
				8E672AEF1BD94E3B00B8D12F /* Coaching2bViewController.m */,
				8E672AE41BD68ADE00B8D12F /* Coaching1ViewController.h */,
				8E672AE51BD68ADE00B8D12F /* Coaching1ViewController.m */,
				8EE1F2831BD54E83007A3D73 /* Calculadora2ViewController.h */,
				8EE1F2841BD54E83007A3D73 /* Calculadora2ViewController.m */,
				8EE1F26D1BD3BE45007A3D73 /* testimoniosViewController.h */,
				8EE1F26E1BD3BE45007A3D73 /* testimoniosViewController.m */,
				8EE1F26A1BD3B43B007A3D73 /* Actividad2ViewController.h */,
				8EE1F26B1BD3B43B007A3D73 /* Actividad2ViewController.m */,
				8EE1F2631BD11071007A3D73 /* Actividad1ViewController.h */,
				8EE1F2641BD11071007A3D73 /* Actividad1ViewController.m */,
				8EE1F25C1BD00914007A3D73 /* Control2ViewController.h */,
				8EE1F25D1BD00914007A3D73 /* Control2ViewController.m */,
				8EE1F2591BD007D4007A3D73 /* Control1ViewController.h */,
				8EE1F25A1BD007D4007A3D73 /* Control1ViewController.m */,
				8EE1F2561BCFF3C6007A3D73 /* PNK3ViewController.h */,
				8EE1F2571BCFF3C6007A3D73 /* PNK3ViewController.m */,
				8EE1F2531BCFC383007A3D73 /* PNK2ViewController.h */,
				8EE1F2541BCFC383007A3D73 /* PNK2ViewController.m */,
				8EE1F2401BCE75DD007A3D73 /* NutricionViewController.h */,
				8EE1F2411BCE75DD007A3D73 /* NutricionViewController.m */,
				8EE1F2451BCE9E9A007A3D73 /* Nutricion2ViewController.h */,
				8EE1F2461BCE9E9A007A3D73 /* Nutricion2ViewController.m */,
				8EC69BAD1BC56B6E00B7149E /* Assets.xcassets */,
				8EC69BAF1BC56B6E00B7149E /* LaunchScreen.storyboard */,
				8EC69BB21BC56B6E00B7149E /* Info.plist */,
				8EC69BA11BC56B6E00B7149E /* Supporting Files */,
				8EC69C1D1BCD07D800B7149E /* ClubViewController.h */,
				8EC69C1E1BCD07D800B7149E /* ClubViewController.m */,
				8EE1F23D1BCD4781007A3D73 /* CalculadoraViewController.h */,
				8EE1F23E1BCD4781007A3D73 /* CalculadoraViewController.m */,
				8EE1F2801BD5424D007A3D73 /* CalculadorahViewController.h */,
				8EE1F2811BD5424D007A3D73 /* CalculadorahViewController.m */,
				8E85DB8E1BDF8124003DB5B7 /* PesoViewController.h */,
				8E85DB8F1BDF8124003DB5B7 /* PesoViewController.m */,
				8EE1F2501BCFAFD7007A3D73 /* PNK1ViewController.h */,
				8EE1F2511BCFAFD7007A3D73 /* PNK1ViewController.m */,
			);
			path = Pronokal;
			sourceTree = "<group>";
		};
		8EC69BA11BC56B6E00B7149E /* Supporting Files */ = {
			isa = PBXGroup;
			children = (
				8EC69BA21BC56B6E00B7149E /* main.m */,
			);
			name = "Supporting Files";
			sourceTree = "<group>";
		};
		8EC69BBA1BC56B6F00B7149E /* PronokalTests */ = {
			isa = PBXGroup;
			children = (
				8EC69BBB1BC56B6F00B7149E /* PronokalTests.m */,
				8EC69BBD1BC56B6F00B7149E /* Info.plist */,
			);
			path = PronokalTests;
			sourceTree = "<group>";
		};
		8EC69BC51BC56B6F00B7149E /* PronokalUITests */ = {
			isa = PBXGroup;
			children = (
				8EC69BC61BC56B6F00B7149E /* PronokalUITests.m */,
				8EC69BC81BC56B6F00B7149E /* Info.plist */,
			);
			path = PronokalUITests;
			sourceTree = "<group>";
		};
		8EC69BE01BC57CA300B7149E /* menu */ = {
			isa = PBXGroup;
			children = (
				8EC69BDA1BC57C9A00B7149E /* menu.png */,
				8EC69BDB1BC57C9A00B7149E /* menu@2x.png */,
				8EC69BDC1BC57C9A00B7149E /* menu@3x.png */,
			);
			name = menu;
			sourceTree = "<group>";
		};
		8EC69BE71BC57E2300B7149E /* club */ = {
			isa = PBXGroup;
			children = (
				8EC69BE11BC57E1B00B7149E /* club.png */,
				8EC69BE21BC57E1B00B7149E /* club@2x.png */,
				8EC69BE31BC57E1B00B7149E /* club@3x.png */,
			);
			name = club;
			sourceTree = "<group>";
		};
		8EC69BF41BC5804E00B7149E /* config */ = {
			isa = PBXGroup;
			children = (
				8EC69BF61BC5813E00B7149E /* config.png */,
				8EC69BF71BC5813E00B7149E /* config@2x.png */,
				8EC69BF81BC5813E00B7149E /* config@3x.png */,
			);
			name = config;
			sourceTree = "<group>";
		};
		8EC69BF51BC5806200B7149E /* contacto */ = {
			isa = PBXGroup;
			children = (
				8EC69BF91BC5813E00B7149E /* contacto.png */,
				8EC69BFA1BC5813E00B7149E /* contacto@2x.png */,
				8EC69BFB1BC5813E00B7149E /* contacto@3x.png */,
			);
			name = contacto;
			sourceTree = "<group>";
		};
		8EC69C081BC5821600B7149E /* atras */ = {
			isa = PBXGroup;
			children = (
				8EC69C021BC5820D00B7149E /* atras.png */,
				8EC69C031BC5820D00B7149E /* atras@2x.png */,
				8EC69C041BC5820D00B7149E /* atras@3x.png */,
			);
			name = atras;
			sourceTree = "<group>";
		};
		8EC69C0B1BC66B5900B7149E /* Imagenes */ = {
			isa = PBXGroup;
			children = (
				8E672AE71BD68D0700B8D12F /* coaching1.jpg */,
				8EE1F27C1BD53E4E007A3D73 /* calc1-h.jpg */,
				8EE1F27D1BD53E4E007A3D73 /* calc1-m.jpg */,
				8EE1F2741BD4131B007A3D73 /* testimonios1.jpg */,
				8EE1F2661BD112D6007A3D73 /* actividad1.jpg */,
				8EE1F2671BD112D6007A3D73 /* actividad2.jpg */,
				8EE1F24A1BCEACFF007A3D73 /* PNK-1.jpg */,
				8EE1F24B1BCEACFF007A3D73 /* PNK-2.jpg */,
				8EE1F24C1BCEACFF007A3D73 /* PNK-3.jpg */,
				8EE1F2481BCEA0DE007A3D73 /* nutricion-2.jpg */,
				8EE1F2431BCE990F007A3D73 /* nutricion-1.jpg */,
				8EC69C201BCD101D00B7149E /* boton_actividad.jpg */,
				8EC69C211BCD101D00B7149E /* boton_apoyo.jpg */,
				8EC69C361BCD289C00B7149E /* calculadura_text2.jpg */,
				8EC69C221BCD101D00B7149E /* boton_calc.jpg */,
				8EC69C231BCD101D00B7149E /* boton_club.jpg */,
				8E672ADE1BD644AA00B8D12F /* resultadoimc.jpg */,
				8EC69C241BCD101D00B7149E /* boton_control.jpg */,
				8EC69C251BCD101D00B7149E /* boton_nutricion.jpg */,
				8EC69C261BCD101D00B7149E /* boton_peso.jpg */,
				8EC69C271BCD101D00B7149E /* boton_pronokal.jpg */,
				8EC69C281BCD101D00B7149E /* boton_testimonios.jpg */,
				8E672AE91BD8DADA00B8D12F /* coaching0.jpg */,
				8EC69C191BC6BCCD00B7149E /* sobre.png */,
				8EE1F25F1BD00BBA007A3D73 /* control1.jpg */,
				8EE1F2601BD00BBA007A3D73 /* control2.jpg */,
				8EC69C1B1BC6BD3B00B7149E /* posicion.png */,
				8EC69C171BC6A58F00B7149E /* llamadas.png */,
				8EC69C0E1BC6737300B7149E /* texto-contacto.png */,
				8EC69C091BC66B5100B7149E /* medicos_home.jpg */,
				8EC69C101BC675E300B7149E /* logo_texto2.png */,
				8EC69C0C1BC66D8D00B7149E /* logo_texto.jpg */,
				8E85DB8C1BDE873A003DB5B7 /* resultado_test.jpg */,
				8E672AE01BD64A5900B8D12F /* flecha.jpg */,
				8E672AE21BD64B8E00B8D12F /* flecha.png */,
				8E672AF11BDE329A00B8D12F /* coaching-a1.jpg */,
				8E85DB911BDFA954003DB5B7 /* resPesIdal.jpg */,
			);
			name = Imagenes;
			sourceTree = "<group>";
		};
/* End PBXGroup section */

/* Begin PBXNativeTarget section */
		8EC69B9D1BC56B6E00B7149E /* Pronokal */ = {
			isa = PBXNativeTarget;
			buildConfigurationList = 8EC69BCB1BC56B6F00B7149E /* Build configuration list for PBXNativeTarget "Pronokal" */;
			buildPhases = (
				8EC69B9A1BC56B6E00B7149E /* Sources */,
				8EC69B9B1BC56B6E00B7149E /* Frameworks */,
				8EC69B9C1BC56B6E00B7149E /* Resources */,
			);
			buildRules = (
			);
			dependencies = (
			);
			name = Pronokal;
			productName = Pronokal;
			productReference = 8EC69B9E1BC56B6E00B7149E /* Pronokal.app */;
			productType = "com.apple.product-type.application";
		};
		8EC69BB61BC56B6F00B7149E /* PronokalTests */ = {
			isa = PBXNativeTarget;
			buildConfigurationList = 8EC69BCE1BC56B6F00B7149E /* Build configuration list for PBXNativeTarget "PronokalTests" */;
			buildPhases = (
				8EC69BB31BC56B6F00B7149E /* Sources */,
				8EC69BB41BC56B6F00B7149E /* Frameworks */,
				8EC69BB51BC56B6F00B7149E /* Resources */,
			);
			buildRules = (
			);
			dependencies = (
				8EC69BB91BC56B6F00B7149E /* PBXTargetDependency */,
			);
			name = PronokalTests;
			productName = PronokalTests;
			productReference = 8EC69BB71BC56B6F00B7149E /* PronokalTests.xctest */;
			productType = "com.apple.product-type.bundle.unit-test";
		};
		8EC69BC11BC56B6F00B7149E /* PronokalUITests */ = {
			isa = PBXNativeTarget;
			buildConfigurationList = 8EC69BD11BC56B6F00B7149E /* Build configuration list for PBXNativeTarget "PronokalUITests" */;
			buildPhases = (
				8EC69BBE1BC56B6F00B7149E /* Sources */,
				8EC69BBF1BC56B6F00B7149E /* Frameworks */,
				8EC69BC01BC56B6F00B7149E /* Resources */,
			);
			buildRules = (
			);
			dependencies = (
				8EC69BC41BC56B6F00B7149E /* PBXTargetDependency */,
			);
			name = PronokalUITests;
			productName = PronokalUITests;
			productReference = 8EC69BC21BC56B6F00B7149E /* PronokalUITests.xctest */;
			productType = "com.apple.product-type.bundle.ui-testing";
		};
/* End PBXNativeTarget section */

/* Begin PBXProject section */
		8EC69B961BC56B6E00B7149E /* Project object */ = {
			isa = PBXProject;
			attributes = {
				LastUpgradeCheck = 0700;
				ORGANIZATIONNAME = Hopper;
				TargetAttributes = {
					8EC69B9D1BC56B6E00B7149E = {
						CreatedOnToolsVersion = 7.0.1;
						DevelopmentTeam = 58WJ6AVVZN;
					};
					8EC69BB61BC56B6F00B7149E = {
						CreatedOnToolsVersion = 7.0.1;
						DevelopmentTeam = 58WJ6AVVZN;
						TestTargetID = 8EC69B9D1BC56B6E00B7149E;
					};
					8EC69BC11BC56B6F00B7149E = {
						CreatedOnToolsVersion = 7.0.1;
						DevelopmentTeam = 58WJ6AVVZN;
						TestTargetID = 8EC69B9D1BC56B6E00B7149E;
					};
				};
			};
			buildConfigurationList = 8EC69B991BC56B6E00B7149E /* Build configuration list for PBXProject "Pronokal" */;
			compatibilityVersion = "Xcode 3.2";
			developmentRegion = English;
			hasScannedForEncodings = 0;
			knownRegions = (
				en,
				Base,
			);
			mainGroup = 8EC69B951BC56B6E00B7149E;
			productRefGroup = 8EC69B9F1BC56B6E00B7149E /* Products */;
			projectDirPath = "";
			projectRoot = "";
			targets = (
				8EC69B9D1BC56B6E00B7149E /* Pronokal */,
				8EC69BB61BC56B6F00B7149E /* PronokalTests */,
				8EC69BC11BC56B6F00B7149E /* PronokalUITests */,
			);
		};
/* End PBXProject section */

/* Begin PBXResourcesBuildPhase section */
		8EC69B9C1BC56B6E00B7149E /* Resources */ = {
			isa = PBXResourcesBuildPhase;
			buildActionMask = 2147483647;
			files = (
				8EC69BDD1BC57C9A00B7149E /* menu.png in Resources */,
				8EC69C301BCD101D00B7149E /* boton_pronokal.jpg in Resources */,
				8EC69BFE1BC5813E00B7149E /* config@3x.png in Resources */,
				8EC69C2A1BCD101D00B7149E /* boton_apoyo.jpg in Resources */,
				8EC69BE61BC57E1B00B7149E /* club@3x.png in Resources */,
				8EC69BB11BC56B6E00B7149E /* LaunchScreen.storyboard in Resources */,
				8EC69BDE1BC57C9A00B7149E /* menu@2x.png in Resources */,
				8EC69BE41BC57E1B00B7149E /* club.png in Resources */,
				8EC69C2E1BCD101D00B7149E /* boton_nutricion.jpg in Resources */,
				8EC69BAE1BC56B6E00B7149E /* Assets.xcassets in Resources */,
				8EC69C1A1BC6BCCD00B7149E /* sobre.png in Resources */,
				8EC69C051BC5820D00B7149E /* atras.png in Resources */,
				8EE1F27F1BD53E4E007A3D73 /* calc1-m.jpg in Resources */,
				8EC69BFD1BC5813E00B7149E /* config@2x.png in Resources */,
				8EC69C071BC5820D00B7149E /* atras@3x.png in Resources */,
				8EC69C011BC5813E00B7149E /* contacto@3x.png in Resources */,
				8E672AE11BD64A5900B8D12F /* flecha.jpg in Resources */,
				8EC69C2B1BCD101D00B7149E /* boton_calc.jpg in Resources */,
				8EC69C2D1BCD101D00B7149E /* boton_control.jpg in Resources */,
				8E85DB921BDFA954003DB5B7 /* resPesIdal.jpg in Resources */,
				8E672AEA1BD8DADA00B8D12F /* coaching0.jpg in Resources */,
				8EC69BFF1BC5813E00B7149E /* contacto.png in Resources */,
				8EE1F2611BD00BBA007A3D73 /* control1.jpg in Resources */,
				8EC69BDF1BC57C9A00B7149E /* menu@3x.png in Resources */,
				8EE1F24D1BCEACFF007A3D73 /* PNK-1.jpg in Resources */,
				8E672AF21BDE329A00B8D12F /* coaching-a1.jpg in Resources */,
				8EC69C0D1BC66D8D00B7149E /* logo_texto.jpg in Resources */,
				8EE1F2621BD00BBA007A3D73 /* control2.jpg in Resources */,
				8EC69C371BCD289C00B7149E /* calculadura_text2.jpg in Resources */,
				8EC69C2C1BCD101D00B7149E /* boton_club.jpg in Resources */,
				8EC69C0A1BC66B5100B7149E /* medicos_home.jpg in Resources */,
				8EC69C2F1BCD101D00B7149E /* boton_peso.jpg in Resources */,
				8EE1F24F1BCEACFF007A3D73 /* PNK-3.jpg in Resources */,
				8EE1F24E1BCEACFF007A3D73 /* PNK-2.jpg in Resources */,
				8EE1F2751BD4131B007A3D73 /* testimonios1.jpg in Resources */,
				8E672AE31BD64B8E00B8D12F /* flecha.png in Resources */,
				8EC69C0F1BC6737300B7149E /* texto-contacto.png in Resources */,
				8EC69C181BC6A58F00B7149E /* llamadas.png in Resources */,
				8EC69C111BC675E300B7149E /* logo_texto2.png in Resources */,
				8E672AE81BD68D0700B8D12F /* coaching1.jpg in Resources */,
				8EE1F2691BD112D6007A3D73 /* actividad2.jpg in Resources */,
				8EC69BE51BC57E1B00B7149E /* club@2x.png in Resources */,
				8EC69C311BCD101D00B7149E /* boton_testimonios.jpg in Resources */,
				8EC69C061BC5820D00B7149E /* atras@2x.png in Resources */,
				8E85DB8D1BDE873A003DB5B7 /* resultado_test.jpg in Resources */,
				8EE1F2491BCEA0DE007A3D73 /* nutricion-2.jpg in Resources */,
				8E672ADF1BD644AA00B8D12F /* resultadoimc.jpg in Resources */,
				8EE1F27E1BD53E4E007A3D73 /* calc1-h.jpg in Resources */,
				8EE1F2681BD112D6007A3D73 /* actividad1.jpg in Resources */,
				8EC69BAC1BC56B6E00B7149E /* Main.storyboard in Resources */,
				8EE1F2441BCE990F007A3D73 /* nutricion-1.jpg in Resources */,
				8EC69C1C1BC6BD3B00B7149E /* posicion.png in Resources */,
				8EC69BFC1BC5813E00B7149E /* config.png in Resources */,
				8EC69C291BCD101D00B7149E /* boton_actividad.jpg in Resources */,
				8EC69C001BC5813E00B7149E /* contacto@2x.png in Resources */,
			);
			runOnlyForDeploymentPostprocessing = 0;
		};
		8EC69BB51BC56B6F00B7149E /* Resources */ = {
			isa = PBXResourcesBuildPhase;
			buildActionMask = 2147483647;
			files = (
			);
			runOnlyForDeploymentPostprocessing = 0;
		};
		8EC69BC01BC56B6F00B7149E /* Resources */ = {
			isa = PBXResourcesBuildPhase;
			buildActionMask = 2147483647;
			files = (
			);
			runOnlyForDeploymentPostprocessing = 0;
		};
/* End PBXResourcesBuildPhase section */

/* Begin PBXSourcesBuildPhase section */
		8EC69B9A1BC56B6E00B7149E /* Sources */ = {
			isa = PBXSourcesBuildPhase;
			buildActionMask = 2147483647;
			files = (
				8EE1F2521BCFAFD7007A3D73 /* PNK1ViewController.m in Sources */,
				8EE1F23F1BCD4781007A3D73 /* CalculadoraViewController.m in Sources */,
				8EE1F2551BCFC383007A3D73 /* PNK2ViewController.m in Sources */,
				8EC69C1F1BCD07D800B7149E /* ClubViewController.m in Sources */,
				8EC69C141BC67A0800B7149E /* ContactoViewController.m in Sources */,
				8EE1F2651BD11071007A3D73 /* Actividad1ViewController.m in Sources */,
				8EE1F25B1BD007D4007A3D73 /* Control1ViewController.m in Sources */,
				8EE1F2821BD5424D007A3D73 /* CalculadorahViewController.m in Sources */,
				8E672AE61BD68ADE00B8D12F /* Coaching1ViewController.m in Sources */,
				8EE1F2471BCE9E9A007A3D73 /* Nutricion2ViewController.m in Sources */,
				8EE1F2581BCFF3C6007A3D73 /* PNK3ViewController.m in Sources */,
				8E85DB901BDF8124003DB5B7 /* PesoViewController.m in Sources */,
				8EC69BD91BC5757600B7149E /* UIDemoNavController.m in Sources */,
				8EC69BA91BC56B6E00B7149E /* ViewController.m in Sources */,
				8EC69BA61BC56B6E00B7149E /* AppDelegate.m in Sources */,
				8EE1F2851BD54E83007A3D73 /* Calculadora2ViewController.m in Sources */,
				8EE1F25E1BD00914007A3D73 /* Control2ViewController.m in Sources */,
				8EE1F26F1BD3BE45007A3D73 /* testimoniosViewController.m in Sources */,
				8EE1F2421BCE75DD007A3D73 /* NutricionViewController.m in Sources */,
				8EC69BA31BC56B6E00B7149E /* main.m in Sources */,
				8E672AF01BD94E3B00B8D12F /* Coaching2bViewController.m in Sources */,
				8EE1F26C1BD3B43B007A3D73 /* Actividad2ViewController.m in Sources */,
			);
			runOnlyForDeploymentPostprocessing = 0;
		};
		8EC69BB31BC56B6F00B7149E /* Sources */ = {
			isa = PBXSourcesBuildPhase;
			buildActionMask = 2147483647;
			files = (
				8EC69BBC1BC56B6F00B7149E /* PronokalTests.m in Sources */,
			);
			runOnlyForDeploymentPostprocessing = 0;
		};
		8EC69BBE1BC56B6F00B7149E /* Sources */ = {
			isa = PBXSourcesBuildPhase;
			buildActionMask = 2147483647;
			files = (
				8EC69BC71BC56B6F00B7149E /* PronokalUITests.m in Sources */,
			);
			runOnlyForDeploymentPostprocessing = 0;
		};
/* End PBXSourcesBuildPhase section */

/* Begin PBXTargetDependency section */
		8EC69BB91BC56B6F00B7149E /* PBXTargetDependency */ = {
			isa = PBXTargetDependency;
			target = 8EC69B9D1BC56B6E00B7149E /* Pronokal */;
			targetProxy = 8EC69BB81BC56B6F00B7149E /* PBXContainerItemProxy */;
		};
		8EC69BC41BC56B6F00B7149E /* PBXTargetDependency */ = {
			isa = PBXTargetDependency;
			target = 8EC69B9D1BC56B6E00B7149E /* Pronokal */;
			targetProxy = 8EC69BC31BC56B6F00B7149E /* PBXContainerItemProxy */;
		};
/* End PBXTargetDependency section */

/* Begin PBXVariantGroup section */
		8EC69BAA1BC56B6E00B7149E /* Main.storyboard */ = {
			isa = PBXVariantGroup;
			children = (
				8EC69BAB1BC56B6E00B7149E /* Base */,
			);
			name = Main.storyboard;
			sourceTree = "<group>";
		};
		8EC69BAF1BC56B6E00B7149E /* LaunchScreen.storyboard */ = {
			isa = PBXVariantGroup;
			children = (
				8EC69BB01BC56B6E00B7149E /* Base */,
			);
			name = LaunchScreen.storyboard;
			sourceTree = "<group>";
		};
/* End PBXVariantGroup section */

/* Begin XCBuildConfiguration section */
		8EC69BC91BC56B6F00B7149E /* Debug */ = {
			isa = XCBuildConfiguration;
			buildSettings = {
				ALWAYS_SEARCH_USER_PATHS = NO;
				CLANG_CXX_LANGUAGE_STANDARD = "gnu++0x";
				CLANG_CXX_LIBRARY = "libc++";
				CLANG_ENABLE_MODULES = YES;
				CLANG_ENABLE_OBJC_ARC = YES;
				CLANG_WARN_BOOL_CONVERSION = YES;
				CLANG_WARN_CONSTANT_CONVERSION = YES;
				CLANG_WARN_DIRECT_OBJC_ISA_USAGE = YES_ERROR;
				CLANG_WARN_EMPTY_BODY = YES;
				CLANG_WARN_ENUM_CONVERSION = YES;
				CLANG_WARN_INT_CONVERSION = YES;
				CLANG_WARN_OBJC_ROOT_CLASS = YES_ERROR;
				CLANG_WARN_UNREACHABLE_CODE = YES;
				CLANG_WARN__DUPLICATE_METHOD_MATCH = YES;
				"CODE_SIGN_IDENTITY[sdk=iphoneos*]" = "iPhone Developer";
				COPY_PHASE_STRIP = NO;
				DEBUG_INFORMATION_FORMAT = dwarf;
				ENABLE_STRICT_OBJC_MSGSEND = YES;
				ENABLE_TESTABILITY = YES;
				GCC_C_LANGUAGE_STANDARD = gnu99;
				GCC_DYNAMIC_NO_PIC = NO;
				GCC_NO_COMMON_BLOCKS = YES;
				GCC_OPTIMIZATION_LEVEL = 0;
				GCC_PREPROCESSOR_DEFINITIONS = (
					"DEBUG=1",
					"$(inherited)",
				);
				GCC_WARN_64_TO_32_BIT_CONVERSION = YES;
				GCC_WARN_ABOUT_RETURN_TYPE = YES_ERROR;
				GCC_WARN_UNDECLARED_SELECTOR = YES;
				GCC_WARN_UNINITIALIZED_AUTOS = YES_AGGRESSIVE;
				GCC_WARN_UNUSED_FUNCTION = YES;
				GCC_WARN_UNUSED_VARIABLE = YES;
				IPHONEOS_DEPLOYMENT_TARGET = 9.0;
				MTL_ENABLE_DEBUG_INFO = YES;
				ONLY_ACTIVE_ARCH = YES;
				SDKROOT = iphoneos;
			};
			name = Debug;
		};
		8EC69BCA1BC56B6F00B7149E /* Release */ = {
			isa = XCBuildConfiguration;
			buildSettings = {
				ALWAYS_SEARCH_USER_PATHS = NO;
				CLANG_CXX_LANGUAGE_STANDARD = "gnu++0x";
				CLANG_CXX_LIBRARY = "libc++";
				CLANG_ENABLE_MODULES = YES;
				CLANG_ENABLE_OBJC_ARC = YES;
				CLANG_WARN_BOOL_CONVERSION = YES;
				CLANG_WARN_CONSTANT_CONVERSION = YES;
				CLANG_WARN_DIRECT_OBJC_ISA_USAGE = YES_ERROR;
				CLANG_WARN_EMPTY_BODY = YES;
				CLANG_WARN_ENUM_CONVERSION = YES;
				CLANG_WARN_INT_CONVERSION = YES;
				CLANG_WARN_OBJC_ROOT_CLASS = YES_ERROR;
				CLANG_WARN_UNREACHABLE_CODE = YES;
				CLANG_WARN__DUPLICATE_METHOD_MATCH = YES;
				"CODE_SIGN_IDENTITY[sdk=iphoneos*]" = "iPhone Developer";
				COPY_PHASE_STRIP = NO;
				DEBUG_INFORMATION_FORMAT = "dwarf-with-dsym";
				ENABLE_NS_ASSERTIONS = NO;
				ENABLE_STRICT_OBJC_MSGSEND = YES;
				GCC_C_LANGUAGE_STANDARD = gnu99;
				GCC_NO_COMMON_BLOCKS = YES;
				GCC_WARN_64_TO_32_BIT_CONVERSION = YES;
				GCC_WARN_ABOUT_RETURN_TYPE = YES_ERROR;
				GCC_WARN_UNDECLARED_SELECTOR = YES;
				GCC_WARN_UNINITIALIZED_AUTOS = YES_AGGRESSIVE;
				GCC_WARN_UNUSED_FUNCTION = YES;
				GCC_WARN_UNUSED_VARIABLE = YES;
				IPHONEOS_DEPLOYMENT_TARGET = 9.0;
				MTL_ENABLE_DEBUG_INFO = NO;
				SDKROOT = iphoneos;
				VALIDATE_PRODUCT = YES;
			};
			name = Release;
		};
		8EC69BCC1BC56B6F00B7149E /* Debug */ = {
			isa = XCBuildConfiguration;
			buildSettings = {
				ASSETCATALOG_COMPILER_APPICON_NAME = AppIcon;
				INFOPLIST_FILE = Pronokal/Info.plist;
				LD_RUNPATH_SEARCH_PATHS = "$(inherited) @executable_path/Frameworks";
				PRODUCT_BUNDLE_IDENTIFIER = Hopper.Pronokal;
				PRODUCT_NAME = "$(TARGET_NAME)";
			};
			name = Debug;
		};
		8EC69BCD1BC56B6F00B7149E /* Release */ = {
			isa = XCBuildConfiguration;
			buildSettings = {
				ASSETCATALOG_COMPILER_APPICON_NAME = AppIcon;
				INFOPLIST_FILE = Pronokal/Info.plist;
				LD_RUNPATH_SEARCH_PATHS = "$(inherited) @executable_path/Frameworks";
				PRODUCT_BUNDLE_IDENTIFIER = Hopper.Pronokal;
				PRODUCT_NAME = "$(TARGET_NAME)";
			};
			name = Release;
		};
		8EC69BCF1BC56B6F00B7149E /* Debug */ = {
			isa = XCBuildConfiguration;
			buildSettings = {
				BUNDLE_LOADER = "$(TEST_HOST)";
				INFOPLIST_FILE = PronokalTests/Info.plist;
				LD_RUNPATH_SEARCH_PATHS = "$(inherited) @executable_path/Frameworks @loader_path/Frameworks";
				PRODUCT_BUNDLE_IDENTIFIER = Hopper.PronokalTests;
				PRODUCT_NAME = "$(TARGET_NAME)";
				TEST_HOST = "$(BUILT_PRODUCTS_DIR)/Pronokal.app/Pronokal";
			};
			name = Debug;
		};
		8EC69BD01BC56B6F00B7149E /* Release */ = {
			isa = XCBuildConfiguration;
			buildSettings = {
				BUNDLE_LOADER = "$(TEST_HOST)";
				INFOPLIST_FILE = PronokalTests/Info.plist;
				LD_RUNPATH_SEARCH_PATHS = "$(inherited) @executable_path/Frameworks @loader_path/Frameworks";
				PRODUCT_BUNDLE_IDENTIFIER = Hopper.PronokalTests;
				PRODUCT_NAME = "$(TARGET_NAME)";
				TEST_HOST = "$(BUILT_PRODUCTS_DIR)/Pronokal.app/Pronokal";
			};
			name = Release;
		};
		8EC69BD21BC56B6F00B7149E /* Debug */ = {
			isa = XCBuildConfiguration;
			buildSettings = {
				INFOPLIST_FILE = PronokalUITests/Info.plist;
				LD_RUNPATH_SEARCH_PATHS = "$(inherited) @executable_path/Frameworks @loader_path/Frameworks";
				PRODUCT_BUNDLE_IDENTIFIER = Hopper.PronokalUITests;
				PRODUCT_NAME = "$(TARGET_NAME)";
				TEST_TARGET_NAME = Pronokal;
				USES_XCTRUNNER = YES;
			};
			name = Debug;
		};
		8EC69BD31BC56B6F00B7149E /* Release */ = {
			isa = XCBuildConfiguration;
			buildSettings = {
				INFOPLIST_FILE = PronokalUITests/Info.plist;
				LD_RUNPATH_SEARCH_PATHS = "$(inherited) @executable_path/Frameworks @loader_path/Frameworks";
				PRODUCT_BUNDLE_IDENTIFIER = Hopper.PronokalUITests;
				PRODUCT_NAME = "$(TARGET_NAME)";
				TEST_TARGET_NAME = Pronokal;
				USES_XCTRUNNER = YES;
			};
			name = Release;
		};
/* End XCBuildConfiguration section */

/* Begin XCConfigurationList section */
		8EC69B991BC56B6E00B7149E /* Build configuration list for PBXProject "Pronokal" */ = {
			isa = XCConfigurationList;
			buildConfigurations = (
				8EC69BC91BC56B6F00B7149E /* Debug */,
				8EC69BCA1BC56B6F00B7149E /* Release */,
			);
			defaultConfigurationIsVisible = 0;
			defaultConfigurationName = Release;
		};
		8EC69BCB1BC56B6F00B7149E /* Build configuration list for PBXNativeTarget "Pronokal" */ = {
			isa = XCConfigurationList;
			buildConfigurations = (
				8EC69BCC1BC56B6F00B7149E /* Debug */,
				8EC69BCD1BC56B6F00B7149E /* Release */,
			);
			defaultConfigurationIsVisible = 0;
			defaultConfigurationName = Release;
		};
		8EC69BCE1BC56B6F00B7149E /* Build configuration list for PBXNativeTarget "PronokalTests" */ = {
			isa = XCConfigurationList;
			buildConfigurations = (
				8EC69BCF1BC56B6F00B7149E /* Debug */,
				8EC69BD01BC56B6F00B7149E /* Release */,
			);
			defaultConfigurationIsVisible = 0;
			defaultConfigurationName = Release;
		};
		8EC69BD11BC56B6F00B7149E /* Build configuration list for PBXNativeTarget "PronokalUITests" */ = {
			isa = XCConfigurationList;
			buildConfigurations = (
				8EC69BD21BC56B6F00B7149E /* Debug */,
				8EC69BD31BC56B6F00B7149E /* Release */,
			);
			defaultConfigurationIsVisible = 0;
			defaultConfigurationName = Release;
		};
/* End XCConfigurationList section */
	};
	rootObject = 8EC69B961BC56B6E00B7149E /* Project object */;
}
